
Microsoft Visual Studio Solution File, Format Version 12.00
# Visual Studio Version 17
VisualStudioVersion = 17.0.31903.59
MinimumVisualStudioVersion = 10.0.40219.1
Project("{FAE04EC0-301F-11D3-BF4B-00C04F79EFBC}") = "AirMark.API", "AirMark.API\AirMark.API.csproj", "{72B56774-4D2B-49BF-B601-F9C8367CF907}"
EndProject
Project("{FAE04EC0-301F-11D3-BF4B-00C04F79EFBC}") = "AirMark.Web", "AirMark.Web\AirMark.Web.csproj", "{5B03ED61-2205-429A-8975-327E4941192C}"
EndProject
Global
	GlobalSection(SolutionConfigurationPlatforms) = preSolution
		Debug|Any CPU = Debug|Any CPU
		Release|Any CPU = Release|Any CPU
	EndGlobalSection
	GlobalSection(SolutionProperties) = preSolution
		HideSolutionNode = FALSE
	EndGlobalSection
	GlobalSection(ProjectConfigurationPlatforms) = postSolution
		{72B56774-4D2B-49BF-B601-F9C8367CF907}.Debug|Any CPU.ActiveCfg = Debug|Any CPU
		{72B56774-4D2B-49BF-B601-F9C8367CF907}.Debug|Any CPU.Build.0 = Debug|Any CPU
		{72B56774-4D2B-49BF-B601-F9C8367CF907}.Release|Any CPU.ActiveCfg = Release|Any CPU
		{72B56774-4D2B-49BF-B601-F9C8367CF907}.Release|Any CPU.Build.0 = Release|Any CPU
		{5B03ED61-2205-429A-8975-327E4941192C}.Debug|Any CPU.ActiveCfg = Debug|Any CPU
		{5B03ED61-2205-429A-8975-327E4941192C}.Debug|Any CPU.Build.0 = Debug|Any CPU
		{5B03ED61-2205-429A-8975-327E4941192C}.Release|Any CPU.ActiveCfg = Release|Any CPU
		{5B03ED61-2205-429A-8975-327E4941192C}.Release|Any CPU.Build.0 = Release|Any CPU
	EndGlobalSection
EndGlobal
